// !$*UTF8*$!
{
	archiveVersion = 1;
	classes = {
	};
	objectVersion = 50;
	objects = {

/* Begin PBXBuildFile section */
		C571564F20E64F2A00833891 /* AppDelegate.swift in Sources */ = {isa = PBXBuildFile; fileRef = C571564E20E64F2A00833891 /* AppDelegate.swift */; };
		C571565120E64F2A00833891 /* ViewController.swift in Sources */ = {isa = PBXBuildFile; fileRef = C571565020E64F2A00833891 /* ViewController.swift */; };
		C571565420E64F2A00833891 /* Main.storyboard in Resources */ = {isa = PBXBuildFile; fileRef = C571565220E64F2A00833891 /* Main.storyboard */; };
		C571565620E64F2D00833891 /* Assets.xcassets in Resources */ = {isa = PBXBuildFile; fileRef = C571565520E64F2D00833891 /* Assets.xcassets */; };
		C571565920E64F2D00833891 /* LaunchScreen.storyboard in Resources */ = {isa = PBXBuildFile; fileRef = C571565720E64F2D00833891 /* LaunchScreen.storyboard */; };
		C571566220E64F4200833891 /* HomeKit.framework in Frameworks */ = {isa = PBXBuildFile; fileRef = C571566120E64F4200833891 /* HomeKit.framework */; };
/* End PBXBuildFile section */

/* Begin PBXFileReference section */
		C571564B20E64F2A00833891 /* HomeKitParty.app */ = {isa = PBXFileReference; explicitFileType = wrapper.application; includeInIndex = 0; path = HomeKitParty.app; sourceTree = BUILT_PRODUCTS_DIR; };
		C571564E20E64F2A00833891 /* AppDelegate.swift */ = {isa = PBXFileReference; lastKnownFileType = sourcecode.swift; path = AppDelegate.swift; sourceTree = "<group>"; };
		C571565020E64F2A00833891 /* ViewController.swift */ = {isa = PBXFileReference; lastKnownFileType = sourcecode.swift; path = ViewController.swift; sourceTree = "<group>"; };
		C571565320E64F2A00833891 /* Base */ = {isa = PBXFileReference; lastKnownFileType = file.storyboard; name = Base; path = Base.lproj/Main.storyboard; sourceTree = "<group>"; };
		C571565520E64F2D00833891 /* Assets.xcassets */ = {isa = PBXFileReference; lastKnownFileType = folder.assetcatalog; path = Assets.xcassets; sourceTree = "<group>"; };
		C571565820E64F2D00833891 /* Base */ = {isa = PBXFileReference; lastKnownFileType = file.storyboard; name = Base; path = Base.lproj/LaunchScreen.storyboard; sourceTree = "<group>"; };
		C571565A20E64F2D00833891 /* Info.plist */ = {isa = PBXFileReference; lastKnownFileType = text.plist.xml; path = Info.plist; sourceTree = "<group>"; };
		C571566120E64F4200833891 /* HomeKit.framework */ = {isa = PBXFileReference; lastKnownFileType = wrapper.framework; name = HomeKit.framework; path = System/Library/Frameworks/HomeKit.framework; sourceTree = SDKROOT; };
		C571566320E64F4200833891 /* HomeKitParty.entitlements */ = {isa = PBXFileReference; lastKnownFileType = text.plist.entitlements; path = HomeKitParty.entitlements; sourceTree = "<group>"; };
/* End PBXFileReference section */

/* Begin PBXFrameworksBuildPhase section */
		C571564820E64F2A00833891 /* Frameworks */ = {
			isa = PBXFrameworksBuildPhase;
			buildActionMask = 2147483647;
			files = (
				C571566220E64F4200833891 /* HomeKit.framework in Frameworks */,
			);
			runOnlyForDeploymentPostprocessing = 0;
		};
/* End PBXFrameworksBuildPhase section */

/* Begin PBXGroup section */
		C571564220E64F2A00833891 = {
			isa = PBXGroup;
			children = (
				C571564D20E64F2A00833891 /* HomeKitParty */,
				C571564C20E64F2A00833891 /* Products */,
				C571566020E64F4200833891 /* Frameworks */,
			);
			sourceTree = "<group>";
		};
		C571564C20E64F2A00833891 /* Products */ = {
			isa = PBXGroup;
			children = (
				C571564B20E64F2A00833891 /* HomeKitParty.app */,
			);
			name = Products;
			sourceTree = "<group>";
		};
		C571564D20E64F2A00833891 /* HomeKitParty */ = {
			isa = PBXGroup;
			children = (
				C571566320E64F4200833891 /* HomeKitParty.entitlements */,
				C571564E20E64F2A00833891 /* AppDelegate.swift */,
				C571565020E64F2A00833891 /* ViewController.swift */,
				C571565220E64F2A00833891 /* Main.storyboard */,
				C571565520E64F2D00833891 /* Assets.xcassets */,
				C571565720E64F2D00833891 /* LaunchScreen.storyboard */,
				C571565A20E64F2D00833891 /* Info.plist */,
			);
			path = HomeKitParty;
			sourceTree = "<group>";
		};
		C571566020E64F4200833891 /* Frameworks */ = {
			isa = PBXGroup;
			children = (
				C571566120E64F4200833891 /* HomeKit.framework */,
			);
			name = Frameworks;
			sourceTree = "<group>";
		};
/* End PBXGroup section */

/* Begin PBXNativeTarget section */
		C571564A20E64F2A00833891 /* HomeKitParty */ = {
			isa = PBXNativeTarget;
			buildConfigurationList = C571565D20E64F2D00833891 /* Build configuration list for PBXNativeTarget "HomeKitParty" */;
			buildPhases = (
				C571564720E64F2A00833891 /* Sources */,
				C571564820E64F2A00833891 /* Frameworks */,
				C571564920E64F2A00833891 /* Resources */,
			);
			buildRules = (
			);
			dependencies = (
			);
			name = HomeKitParty;
			productName = HomeKitParty;
			productReference = C571564B20E64F2A00833891 /* HomeKitParty.app */;
			productType = "com.apple.product-type.application";
		};
/* End PBXNativeTarget section */

/* Begin PBXProject section */
		C571564320E64F2A00833891 /* Project object */ = {
			isa = PBXProject;
			attributes = {
				LastSwiftUpdateCheck = 1000;
				LastUpgradeCheck = 1000;
				ORGANIZATIONNAME = "Finn Gaida";
				TargetAttributes = {
					C571564A20E64F2A00833891 = {
						CreatedOnToolsVersion = 10.0;
						SystemCapabilities = {
							com.apple.HomeKit = {
								enabled = 1;
							};
							com.apple.Siri = {
								enabled = 1;
							};
						};
					};
				};
			};
			buildConfigurationList = C571564620E64F2A00833891 /* Build configuration list for PBXProject "HomeKitParty" */;
			compatibilityVersion = "Xcode 9.3";
			developmentRegion = en;
			hasScannedForEncodings = 0;
			knownRegions = (
				en,
				Base,
			);
			mainGroup = C571564220E64F2A00833891;
			productRefGroup = C571564C20E64F2A00833891 /* Products */;
			projectDirPath = "";
			projectRoot = "";
			targets = (
				C571564A20E64F2A00833891 /* HomeKitParty */,
			);
		};
/* End PBXProject section */

/* Begin PBXResourcesBuildPhase section */
		C571564920E64F2A00833891 /* Resources */ = {
			isa = PBXResourcesBuildPhase;
			buildActionMask = 2147483647;
			files = (
				C571565920E64F2D00833891 /* LaunchScreen.storyboard in Resources */,
				C571565620E64F2D00833891 /* Assets.xcassets in Resources */,
				C571565420E64F2A00833891 /* Main.storyboard in Resources */,
			);
			runOnlyForDeploymentPostprocessing = 0;
		};
/* End PBXResourcesBuildPhase section */

/* Begin PBXSourcesBuildPhase section */
		C571564720E64F2A00833891 /* Sources */ = {
			isa = PBXSourcesBuildPhase;
			buildActionMask = 2147483647;
			files = (
				C571565120E64F2A00833891 /* ViewController.swift in Sources */,
				C571564F20E64F2A00833891 /* AppDelegate.swift in Sources */,
			);
			runOnlyForDeploymentPostprocessing = 0;
		};
/* End PBXSourcesBuildPhase section */

/* Begin PBXVariantGroup section */
		C571565220E64F2A00833891 /* Main.storyboard */ = {
			isa = PBXVariantGroup;
			children = (
				C571565320E64F2A00833891 /* Base */,
			);
			name = Main.storyboard;
			sourceTree = "<group>";
		};
		C571565720E64F2D00833891 /* LaunchScreen.storyboard */ = {
			isa = PBXVariantGroup;
			children = (
				C571565820E64F2D00833891 /* Base */,
			);
			name = LaunchScreen.storyboard;
			sourceTree = "<group>";
		};
/* End PBXVariantGroup section */

/* Begin XCBuildConfiguration section */
		C571565B20E64F2D00833891 /* Debug */ = {
			isa = XCBuildConfiguration;
			buildSettings = {
				ALWAYS_SEARCH_USER_PATHS = NO;
				CLANG_ANALYZER_NONNULL = YES;
				CLANG_ANALYZER_NUMBER_OBJECT_CONVERSION = YES_AGGRESSIVE;
				CLANG_CXX_LANGUAGE_STANDARD = "gnu++14";
				CLANG_CXX_LIBRARY = "libc++";
				CLANG_ENABLE_MODULES = YES;
				CLANG_ENABLE_OBJC_ARC = YES;
				CLANG_ENABLE_OBJC_WEAK = YES;
				CLANG_WARN_BLOCK_CAPTURE_AUTORELEASING = YES;
				CLANG_WARN_BOOL_CONVERSION = YES;
				CLANG_WARN_COMMA = YES;
				CLANG_WARN_CONSTANT_CONVERSION = YES;
				CLANG_WARN_DEPRECATED_OBJC_IMPLEMENTATIONS = YES;
				CLANG_WARN_DIRECT_OBJC_ISA_USAGE = YES_ERROR;
				CLANG_WARN_DOCUMENTATION_COMMENTS = YES;
				CLANG_WARN_EMPTY_BODY = YES;
				CLANG_WARN_ENUM_CONVERSION = YES;
				CLANG_WARN_INFINITE_RECURSION = YES;
				CLANG_WARN_INT_CONVERSION = YES;
				CLANG_WARN_NON_LITERAL_NULL_CONVERSION = YES;
				CLANG_WARN_OBJC_IMPLICIT_RETAIN_SELF = YES;
				CLANG_WARN_OBJC_LITERAL_CONVERSION = YES;
				CLANG_WARN_OBJC_ROOT_CLASS = YES_ERROR;
				CLANG_WARN_RANGE_LOOP_ANALYSIS = YES;
				CLANG_WARN_STRICT_PROTOTYPES = YES;
				CLANG_WARN_SUSPICIOUS_MOVE = YES;
				CLANG_WARN_UNGUARDED_AVAILABILITY = YES_AGGRESSIVE;
				CLANG_WARN_UNREACHABLE_CODE = YES;
				CLANG_WARN__DUPLICATE_METHOD_MATCH = YES;
				CODE_SIGN_IDENTITY = "iPhone Developer";
				COPY_PHASE_STRIP = NO;
				DEBUG_INFORMATION_FORMAT = dwarf;
				ENABLE_STRICT_OBJC_MSGSEND = YES;
				ENABLE_TESTABILITY = YES;
				GCC_C_LANGUAGE_STANDARD = gnu11;
				GCC_DYNAMIC_NO_PIC = NO;
				GCC_NO_COMMON_BLOCKS = YES;
				GCC_OPTIMIZATION_LEVEL = 0;
				GCC_PREPROCESSOR_DEFINITIONS = (
					"DEBUG=1",
					"$(inherited)",
				);
				GCC_WARN_64_TO_32_BIT_CONVERSION = YES;
				GCC_WARN_ABOUT_RETURN_TYPE = YES_ERROR;
				GCC_WARN_UNDECLARED_SELECTOR = YES;
				GCC_WARN_UNINITIALIZED_AUTOS = YES_AGGRESSIVE;
				GCC_WARN_UNUSED_FUNCTION = YES;
				GCC_WARN_UNUSED_VARIABLE = YES;
				IPHONEOS_DEPLOYMENT_TARGET = 12.0;
				MTL_ENABLE_DEBUG_INFO = INCLUDE_SOURCE;
				ONLY_ACTIVE_ARCH = YES;
				SDKROOT = iphoneos;
				SWIFT_ACTIVE_COMPILATION_CONDITIONS = DEBUG;
				SWIFT_OPTIMIZATION_LEVEL = "-Onone";
			};
			name = Debug;
		};
		C571565C20E64F2D00833891 /* Release */ = {
			isa = XCBuildConfiguration;
			buildSettings = {
				ALWAYS_SEARCH_USER_PATHS = NO;
				CLANG_ANALYZER_NONNULL = YES;
				CLANG_ANALYZER_NUMBER_OBJECT_CONVERSION = YES_AGGRESSIVE;
				CLANG_CXX_LANGUAGE_STANDARD = "gnu++14";
				CLANG_CXX_LIBRARY = "libc++";
				CLANG_ENABLE_MODULES = YES;
				CLANG_ENABLE_OBJC_ARC = YES;
				CLANG_ENABLE_OBJC_WEAK = YES;
				CLANG_WARN_BLOCK_CAPTURE_AUTORELEASING = YES;
				CLANG_WARN_BOOL_CONVERSION = YES;
				CLANG_WARN_COMMA = YES;
				CLANG_WARN_CONSTANT_CONVERSION = YES;
				CLANG_WARN_DEPRECATED_OBJC_IMPLEMENTATIONS = YES;
				CLANG_WARN_DIRECT_OBJC_ISA_USAGE = YES_ERROR;
				CLANG_WARN_DOCUMENTATION_COMMENTS = YES;
				CLANG_WARN_EMPTY_BODY = YES;
				CLANG_WARN_ENUM_CONVERSION = YES;
				CLANG_WARN_INFINITE_RECURSION = YES;
				CLANG_WARN_INT_CONVERSION = YES;
				CLANG_WARN_NON_LITERAL_NULL_CONVERSION = YES;
				CLANG_WARN_OBJC_IMPLICIT_RETAIN_SELF = YES;
				CLANG_WARN_OBJC_LITERAL_CONVERSION = YES;
				CLANG_WARN_OBJC_ROOT_CLASS = YES_ERROR;
				CLANG_WARN_RANGE_LOOP_ANALYSIS = YES;
				CLANG_WARN_STRICT_PROTOTYPES = YES;
				CLANG_WARN_SUSPICIOUS_MOVE = YES;
				CLANG_WARN_UNGUARDED_AVAILABILITY = YES_AGGRESSIVE;
				CLANG_WARN_UNREACHABLE_CODE = YES;
				CLANG_WARN__DUPLICATE_METHOD_MATCH = YES;
				CODE_SIGN_IDENTITY = "iPhone Developer";
				COPY_PHASE_STRIP = NO;
				DEBUG_INFORMATION_FORMAT = "dwarf-with-dsym";
				ENABLE_NS_ASSERTIONS = NO;
				ENABLE_STRICT_OBJC_MSGSEND = YES;
				GCC_C_LANGUAGE_STANDARD = gnu11;
				GCC_NO_COMMON_BLOCKS = YES;
				GCC_WARN_64_TO_32_BIT_CONVERSION = YES;
				GCC_WARN_ABOUT_RETURN_TYPE = YES_ERROR;
				GCC_WARN_UNDECLARED_SELECTOR = YES;
				GCC_WARN_UNINITIALIZED_AUTOS = YES_AGGRESSIVE;
				GCC_WARN_UNUSED_FUNCTION = YES;
				GCC_WARN_UNUSED_VARIABLE = YES;
				IPHONEOS_DEPLOYMENT_TARGET = 12.0;
				MTL_ENABLE_DEBUG_INFO = NO;
				SDKROOT = iphoneos;
				SWIFT_COMPILATION_MODE = wholemodule;
				SWIFT_OPTIMIZATION_LEVEL = "-O";
				VALIDATE_PRODUCT = YES;
			};
			name = Release;
		};
		C571565E20E64F2D00833891 /* Debug */ = {
			isa = XCBuildConfiguration;
			buildSettings = {
				ASSETCATALOG_COMPILER_APPICON_NAME = AppIcon;
				CODE_SIGN_ENTITLEMENTS = HomeKitParty/HomeKitParty.entitlements;
				CODE_SIGN_STYLE = Automatic;
				DEVELOPMENT_TEAM = PTHJ3DNH6P;
				INFOPLIST_FILE = HomeKitParty/Info.plist;
				LD_RUNPATH_SEARCH_PATHS = (
					"$(inherited)",
					"@executable_path/Frameworks",
				);
				PRODUCT_BUNDLE_IDENTIFIER = de.finngaida.HomeKitParty;
				PRODUCT_NAME = "$(TARGET_NAME)";
				SWIFT_VERSION = 4.2;
				TARGETED_DEVICE_FAMILY = "1,2";
			};
			name = Debug;
		};
		C571565F20E64F2D00833891 /* Release */ = {
			isa = XCBuildConfiguration;
			buildSettings = {
				ASSETCATALOG_COMPILER_APPICON_NAME = AppIcon;
				CODE_SIGN_ENTITLEMENTS = HomeKitParty/HomeKitParty.entitlements;
				CODE_SIGN_STYLE = Automatic;
				DEVELOPMENT_TEAM = PTHJ3DNH6P;
				INFOPLIST_FILE = HomeKitParty/Info.plist;
				LD_RUNPATH_SEARCH_PATHS = (
					"$(inherited)",
					"@executable_path/Frameworks",
				);
				PRODUCT_BUNDLE_IDENTIFIER = de.finngaida.HomeKitParty;
				PRODUCT_NAME = "$(TARGET_NAME)";
				SWIFT_VERSION = 4.2;
				TARGETED_DEVICE_FAMILY = "1,2";
			};
			name = Release;
		};
/* End XCBuildConfiguration section */

/* Begin XCConfigurationList section */
		C571564620E64F2A00833891 /* Build configuration list for PBXProject "HomeKitParty" */ = {
			isa = XCConfigurationList;
			buildConfigurations = (
				C571565B20E64F2D00833891 /* Debug */,
				C571565C20E64F2D00833891 /* Release */,
			);
			defaultConfigurationIsVisible = 0;
			defaultConfigurationName = Release;
		};
		C571565D20E64F2D00833891 /* Build configuration list for PBXNativeTarget "HomeKitParty" */ = {
			isa = XCConfigurationList;
			buildConfigurations = (
				C571565E20E64F2D00833891 /* Debug */,
				C571565F20E64F2D00833891 /* Release */,
			);
			defaultConfigurationIsVisible = 0;
			defaultConfigurationName = Release;
		};
/* End XCConfigurationList section */
	};
	rootObject = C571564320E64F2A00833891 /* Project object */;
}
